// !$*UTF8*$!
{
	archiveVersion = 1;
	classes = {
	};
	objectVersion = 50;
	objects = {

/* Begin PBXBuildFile section */
		C777765D255B7E0E000A4248 /* main.swift in Sources */ = {isa = PBXBuildFile; fileRef = C777765C255B7E0E000A4248 /* main.swift */; };
		C7777665255B7EE1000A4248 /* preorder.swift in Sources */ = {isa = PBXBuildFile; fileRef = C7777664255B7EE1000A4248 /* preorder.swift */; };
		C7777668255B808A000A4248 /* postorder.swift in Sources */ = {isa = PBXBuildFile; fileRef = C7777667255B808A000A4248 /* postorder.swift */; };
		C777766B255B80E2000A4248 /* levelOrder.swift in Sources */ = {isa = PBXBuildFile; fileRef = C777766A255B80E2000A4248 /* levelOrder.swift */; };
		C777766E255B8789000A4248 /* maxDepth.swift in Sources */ = {isa = PBXBuildFile; fileRef = C777766D255B8789000A4248 /* maxDepth.swift */; };
/* End PBXBuildFile section */

/* Begin PBXCopyFilesBuildPhase section */
		C7777657255B7E0E000A4248 /* CopyFiles */ = {
			isa = PBXCopyFilesBuildPhase;
			buildActionMask = 2147483647;
			dstPath = /usr/share/man/man1/;
			dstSubfolderSpec = 0;
			files = (
			);
			runOnlyForDeploymentPostprocessing = 1;
		};
/* End PBXCopyFilesBuildPhase section */

/* Begin PBXFileReference section */
		C7777659255B7E0E000A4248 /* NaryTree */ = {isa = PBXFileReference; explicitFileType = "compiled.mach-o.executable"; includeInIndex = 0; path = NaryTree; sourceTree = BUILT_PRODUCTS_DIR; };
		C777765C255B7E0E000A4248 /* main.swift */ = {isa = PBXFileReference; lastKnownFileType = sourcecode.swift; path = main.swift; sourceTree = "<group>"; };
		C7777664255B7EE1000A4248 /* preorder.swift */ = {isa = PBXFileReference; lastKnownFileType = sourcecode.swift; path = preorder.swift; sourceTree = "<group>"; };
		C7777667255B808A000A4248 /* postorder.swift */ = {isa = PBXFileReference; lastKnownFileType = sourcecode.swift; path = postorder.swift; sourceTree = "<group>"; };
		C777766A255B80E2000A4248 /* levelOrder.swift */ = {isa = PBXFileReference; lastKnownFileType = sourcecode.swift; path = levelOrder.swift; sourceTree = "<group>"; };
		C777766D255B8789000A4248 /* maxDepth.swift */ = {isa = PBXFileReference; lastKnownFileType = sourcecode.swift; path = maxDepth.swift; sourceTree = "<group>"; };
/* End PBXFileReference section */

/* Begin PBXFrameworksBuildPhase section */
		C7777656255B7E0E000A4248 /* Frameworks */ = {
			isa = PBXFrameworksBuildPhase;
			buildActionMask = 2147483647;
			files = (
			);
			runOnlyForDeploymentPostprocessing = 0;
		};
/* End PBXFrameworksBuildPhase section */

/* Begin PBXGroup section */
		C7777650255B7E0E000A4248 = {
			isa = PBXGroup;
			children = (
				C777765B255B7E0E000A4248 /* NaryTree */,
				C777765A255B7E0E000A4248 /* Products */,
			);
			sourceTree = "<group>";
		};
		C777765A255B7E0E000A4248 /* Products */ = {
			isa = PBXGroup;
			children = (
				C7777659255B7E0E000A4248 /* NaryTree */,
			);
			name = Products;
			sourceTree = "<group>";
		};
		C777765B255B7E0E000A4248 /* NaryTree */ = {
			isa = PBXGroup;
			children = (
				C777765C255B7E0E000A4248 /* main.swift */,
				C7777664255B7EE1000A4248 /* preorder.swift */,
				C7777667255B808A000A4248 /* postorder.swift */,
				C777766A255B80E2000A4248 /* levelOrder.swift */,
				C777766D255B8789000A4248 /* maxDepth.swift */,
			);
			path = NaryTree;
			sourceTree = "<group>";
		};
/* End PBXGroup section */

/* Begin PBXNativeTarget section */
		C7777658255B7E0E000A4248 /* NaryTree */ = {
			isa = PBXNativeTarget;
			buildConfigurationList = C7777660255B7E0E000A4248 /* Build configuration list for PBXNativeTarget "NaryTree" */;
			buildPhases = (
				C7777655255B7E0E000A4248 /* Sources */,
				C7777656255B7E0E000A4248 /* Frameworks */,
				C7777657255B7E0E000A4248 /* CopyFiles */,
			);
			buildRules = (
			);
			dependencies = (
			);
			name = NaryTree;
			productName = NaryTree;
			productReference = C7777659255B7E0E000A4248 /* NaryTree */;
			productType = "com.apple.product-type.tool";
		};
/* End PBXNativeTarget section */

/* Begin PBXProject section */
		C7777651255B7E0E000A4248 /* Project object */ = {
			isa = PBXProject;
			attributes = {
				LastSwiftUpdateCheck = 1210;
				LastUpgradeCheck = 1210;
				TargetAttributes = {
					C7777658255B7E0E000A4248 = {
						CreatedOnToolsVersion = 12.1;
					};
				};
			};
			buildConfigurationList = C7777654255B7E0E000A4248 /* Build configuration list for PBXProject "NaryTree" */;
			compatibilityVersion = "Xcode 9.3";
			developmentRegion = en;
			hasScannedForEncodings = 0;
			knownRegions = (
				en,
				Base,
			);
			mainGroup = C7777650255B7E0E000A4248;
			productRefGroup = C777765A255B7E0E000A4248 /* Products */;
			projectDirPath = "";
			projectRoot = "";
			targets = (
				C7777658255B7E0E000A4248 /* NaryTree */,
			);
		};
/* End PBXProject section */

/* Begin PBXSourcesBuildPhase section */
		C7777655255B7E0E000A4248 /* Sources */ = {
			isa = PBXSourcesBuildPhase;
			buildActionMask = 2147483647;
			files = (
				C7777665255B7EE1000A4248 /* preorder.swift in Sources */,
				C7777668255B808A000A4248 /* postorder.swift in Sources */,
				C777766E255B8789000A4248 /* maxDepth.swift in Sources */,
				C777765D255B7E0E000A4248 /* main.swift in Sources */,
				C777766B255B80E2000A4248 /* levelOrder.swift in Sources */,
			);
			runOnlyForDeploymentPostprocessing = 0;
		};
/* End PBXSourcesBuildPhase section */

/* Begin XCBuildConfiguration section */
		C777765E255B7E0E000A4248 /* Debug */ = {
			isa = XCBuildConfiguration;
			buildSettings = {
				ALWAYS_SEARCH_USER_PATHS = NO;
				CLANG_ANALYZER_NONNULL = YES;
				CLANG_ANALYZER_NUMBER_OBJECT_CONVERSION = YES_AGGRESSIVE;
				CLANG_CXX_LANGUAGE_STANDARD = "gnu++14";
				CLANG_CXX_LIBRARY = "libc++";
				CLANG_ENABLE_MODULES = YES;
				CLANG_ENABLE_OBJC_ARC = YES;
				CLANG_ENABLE_OBJC_WEAK = YES;
				CLANG_WARN_BLOCK_CAPTURE_AUTORELEASING = YES;
				CLANG_WARN_BOOL_CONVERSION = YES;
				CLANG_WARN_COMMA = YES;
				CLANG_WARN_CONSTANT_CONVERSION = YES;
				CLANG_WARN_DEPRECATED_OBJC_IMPLEMENTATIONS = YES;
				CLANG_WARN_DIRECT_OBJC_ISA_USAGE = YES_ERROR;
				CLANG_WARN_DOCUMENTATION_COMMENTS = YES;
				CLANG_WARN_EMPTY_BODY = YES;
				CLANG_WARN_ENUM_CONVERSION = YES;
				CLANG_WARN_INFINITE_RECURSION = YES;
				CLANG_WARN_INT_CONVERSION = YES;
				CLANG_WARN_NON_LITERAL_NULL_CONVERSION = YES;
				CLANG_WARN_OBJC_IMPLICIT_RETAIN_SELF = YES;
				CLANG_WARN_OBJC_LITERAL_CONVERSION = YES;
				CLANG_WARN_OBJC_ROOT_CLASS = YES_ERROR;
				CLANG_WARN_QUOTED_INCLUDE_IN_FRAMEWORK_HEADER = YES;
				CLANG_WARN_RANGE_LOOP_ANALYSIS = YES;
				CLANG_WARN_STRICT_PROTOTYPES = YES;
				CLANG_WARN_SUSPICIOUS_MOVE = YES;
				CLANG_WARN_UNGUARDED_AVAILABILITY = YES_AGGRESSIVE;
				CLANG_WARN_UNREACHABLE_CODE = YES;
				CLANG_WARN__DUPLICATE_METHOD_MATCH = YES;
				COPY_PHASE_STRIP = NO;
				DEBUG_INFORMATION_FORMAT = dwarf;
				ENABLE_STRICT_OBJC_MSGSEND = YES;
				ENABLE_TESTABILITY = YES;
				GCC_C_LANGUAGE_STANDARD = gnu11;
				GCC_DYNAMIC_NO_PIC = NO;
				GCC_NO_COMMON_BLOCKS = YES;
				GCC_OPTIMIZATION_LEVEL = 0;
				GCC_PREPROCESSOR_DEFINITIONS = (
					"DEBUG=1",
					"$(inherited)",
				);
				GCC_WARN_64_TO_32_BIT_CONVERSION = YES;
				GCC_WARN_ABOUT_RETURN_TYPE = YES_ERROR;
				GCC_WARN_UNDECLARED_SELECTOR = YES;
				GCC_WARN_UNINITIALIZED_AUTOS = YES_AGGRESSIVE;
				GCC_WARN_UNUSED_FUNCTION = YES;
				GCC_WARN_UNUSED_VARIABLE = YES;
				MACOSX_DEPLOYMENT_TARGET = 10.15;
				MTL_ENABLE_DEBUG_INFO = INCLUDE_SOURCE;
				MTL_FAST_MATH = YES;
				ONLY_ACTIVE_ARCH = YES;
				SDKROOT = macosx;
				SWIFT_ACTIVE_COMPILATION_CONDITIONS = DEBUG;
				SWIFT_OPTIMIZATION_LEVEL = "-Onone";
			};
			name = Debug;
		};
		C777765F255B7E0E000A4248 /* Release */ = {
			isa = XCBuildConfiguration;
			buildSettings = {
				ALWAYS_SEARCH_USER_PATHS = NO;
				CLANG_ANALYZER_NONNULL = YES;
				CLANG_ANALYZER_NUMBER_OBJECT_CONVERSION = YES_AGGRESSIVE;
				CLANG_CXX_LANGUAGE_STANDARD = "gnu++14";
				CLANG_CXX_LIBRARY = "libc++";
				CLANG_ENABLE_MODULES = YES;
				CLANG_ENABLE_OBJC_ARC = YES;
				CLANG_ENABLE_OBJC_WEAK = YES;
				CLANG_WARN_BLOCK_CAPTURE_AUTORELEASING = YES;
				CLANG_WARN_BOOL_CONVERSION = YES;
				CLANG_WARN_COMMA = YES;
				CLANG_WARN_CONSTANT_CONVERSION = YES;
				CLANG_WARN_DEPRECATED_OBJC_IMPLEMENTATIONS = YES;
				CLANG_WARN_DIRECT_OBJC_ISA_USAGE = YES_ERROR;
				CLANG_WARN_DOCUMENTATION_COMMENTS = YES;
				CLANG_WARN_EMPTY_BODY = YES;
				CLANG_WARN_ENUM_CONVERSION = YES;
				CLANG_WARN_INFINITE_RECURSION = YES;
				CLANG_WARN_INT_CONVERSION = YES;
				CLANG_WARN_NON_LITERAL_NULL_CONVERSION = YES;
				CLANG_WARN_OBJC_IMPLICIT_RETAIN_SELF = YES;
				CLANG_WARN_OBJC_LITERAL_CONVERSION = YES;
				CLANG_WARN_OBJC_ROOT_CLASS = YES_ERROR;
				CLANG_WARN_QUOTED_INCLUDE_IN_FRAMEWORK_HEADER = YES;
				CLANG_WARN_RANGE_LOOP_ANALYSIS = YES;
				CLANG_WARN_STRICT_PROTOTYPES = YES;
				CLANG_WARN_SUSPICIOUS_MOVE = YES;
				CLANG_WARN_UNGUARDED_AVAILABILITY = YES_AGGRESSIVE;
				CLANG_WARN_UNREACHABLE_CODE = YES;
				CLANG_WARN__DUPLICATE_METHOD_MATCH = YES;
				COPY_PHASE_STRIP = NO;
				DEBUG_INFORMATION_FORMAT = "dwarf-with-dsym";
				ENABLE_NS_ASSERTIONS = NO;
				ENABLE_STRICT_OBJC_MSGSEND = YES;
				GCC_C_LANGUAGE_STANDARD = gnu11;
				GCC_NO_COMMON_BLOCKS = YES;
				GCC_WARN_64_TO_32_BIT_CONVERSION = YES;
				GCC_WARN_ABOUT_RETURN_TYPE = YES_ERROR;
				GCC_WARN_UNDECLARED_SELECTOR = YES;
				GCC_WARN_UNINITIALIZED_AUTOS = YES_AGGRESSIVE;
				GCC_WARN_UNUSED_FUNCTION = YES;
				GCC_WARN_UNUSED_VARIABLE = YES;
				MACOSX_DEPLOYMENT_TARGET = 10.15;
				MTL_ENABLE_DEBUG_INFO = NO;
				MTL_FAST_MATH = YES;
				SDKROOT = macosx;
				SWIFT_COMPILATION_MODE = wholemodule;
				SWIFT_OPTIMIZATION_LEVEL = "-O";
			};
			name = Release;
		};
		C7777661255B7E0E000A4248 /* Debug */ = {
			isa = XCBuildConfiguration;
			buildSettings = {
				CODE_SIGN_STYLE = Automatic;
				PRODUCT_NAME = "$(TARGET_NAME)";
				SWIFT_VERSION = 5.0;
			};
			name = Debug;
		};
		C7777662255B7E0E000A4248 /* Release */ = {
			isa = XCBuildConfiguration;
			buildSettings = {
				CODE_SIGN_STYLE = Automatic;
				PRODUCT_NAME = "$(TARGET_NAME)";
				SWIFT_VERSION = 5.0;
			};
			name = Release;
		};
/* End XCBuildConfiguration section */

/* Begin XCConfigurationList section */
		C7777654255B7E0E000A4248 /* Build configuration list for PBXProject "NaryTree" */ = {
			isa = XCConfigurationList;
			buildConfigurations = (
				C777765E255B7E0E000A4248 /* Debug */,
				C777765F255B7E0E000A4248 /* Release */,
			);
			defaultConfigurationIsVisible = 0;
			defaultConfigurationName = Release;
		};
		C7777660255B7E0E000A4248 /* Build configuration list for PBXNativeTarget "NaryTree" */ = {
			isa = XCConfigurationList;
			buildConfigurations = (
				C7777661255B7E0E000A4248 /* Debug */,
				C7777662255B7E0E000A4248 /* Release */,
			);
			defaultConfigurationIsVisible = 0;
			defaultConfigurationName = Release;
		};
/* End XCConfigurationList section */
	};
	rootObject = C7777651255B7E0E000A4248 /* Project object */;
}
